
Microsoft Visual Studio Solution File, Format Version 12.00
# Visual Studio Version 17
VisualStudioVersion = 17.4.33213.308
MinimumVisualStudioVersion = 10.0.40219.1
Project("{888888A0-9F3D-457C-B088-3A5042F75D52}") = "TestingGit", "TestingGit\TestingGit.pyproj", "{1D712779-B484-4988-A467-B9783B928165}"
EndProject
Global
	GlobalSection(SolutionConfigurationPlatforms) = preSolution
		Debug|Any CPU = Debug|Any CPU
		Release|Any CPU = Release|Any CPU
	EndGlobalSection
	GlobalSection(ProjectConfigurationPlatforms) = postSolution
		{1D712779-B484-4988-A467-B9783B928165}.Debug|Any CPU.ActiveCfg = Debug|Any CPU
		{1D712779-B484-4988-A467-B9783B928165}.Release|Any CPU.ActiveCfg = Release|Any CPU
	EndGlobalSection
	GlobalSection(SolutionProperties) = preSolution
		HideSolutionNode = FALSE
	EndGlobalSection
	GlobalSection(ExtensibilityGlobals) = postSolution
		SolutionGuid = {AA599254-F9C5-4413-8AEE-E8283949FC7C}
	EndGlobalSection
EndGlobal
